Microsoft Visual Studio Solution File, Format Version 11.00
# Visual Studio 2008

Project("{3FFAD60B-2001-CAD0-4334-504B09E54C09}") = "rippleTest copy", "Assembly-CSharp-firstpass-vs.csproj", "{39E2634E-91E9-3983-5298-D308A63D17A2}"
EndProject
Project("{3FFAD60B-2001-CAD0-4334-504B09E54C09}") = "rippleTest copy", "Assembly-CSharp-vs.csproj", "{97B4541E-2968-711D-2900-ED271D21C407}"
EndProject
Project("{3FFAD60B-2001-CAD0-4334-504B09E54C09}") = "rippleTest copy", "Assembly-CSharp-Editor-vs.csproj", "{E0E811E2-689C-EE4A-0F57-64B0BDFB092B}"
EndProject
Global
	GlobalSection(SolutionConfigurationPlatforms) = preSolution
		Debug|Any CPU = Debug|Any CPU
		Release|Any CPU = Release|Any CPU
	EndGlobalSection
	GlobalSection(ProjectConfigurationPlatforms) = postSolution
		{39E2634E-91E9-3983-5298-D308A63D17A2}.Debug|Any CPU.ActiveCfg = Debug|Any CPU
		{39E2634E-91E9-3983-5298-D308A63D17A2}.Debug|Any CPU.Build.0 = Debug|Any CPU
		{39E2634E-91E9-3983-5298-D308A63D17A2}.Release|Any CPU.ActiveCfg = Release|Any CPU
		{39E2634E-91E9-3983-5298-D308A63D17A2}.Release|Any CPU.Build.0 = Release|Any CPU
		{97B4541E-2968-711D-2900-ED271D21C407}.Debug|Any CPU.ActiveCfg = Debug|Any CPU
		{97B4541E-2968-711D-2900-ED271D21C407}.Debug|Any CPU.Build.0 = Debug|Any CPU
		{97B4541E-2968-711D-2900-ED271D21C407}.Release|Any CPU.ActiveCfg = Release|Any CPU
		{97B4541E-2968-711D-2900-ED271D21C407}.Release|Any CPU.Build.0 = Release|Any CPU
		{E0E811E2-689C-EE4A-0F57-64B0BDFB092B}.Debug|Any CPU.ActiveCfg = Debug|Any CPU
		{E0E811E2-689C-EE4A-0F57-64B0BDFB092B}.Debug|Any CPU.Build.0 = Debug|Any CPU
		{E0E811E2-689C-EE4A-0F57-64B0BDFB092B}.Release|Any CPU.ActiveCfg = Release|Any CPU
		{E0E811E2-689C-EE4A-0F57-64B0BDFB092B}.Release|Any CPU.Build.0 = Release|Any CPU
	EndGlobalSection
	GlobalSection(SolutionProperties) = preSolution
		HideSolutionNode = FALSE
	EndGlobalSection
							GlobalSection(MonoDevelopProperties) = preSolution
		StartupItem = Assembly-CSharp.csproj
		Policies = $0
		$0.TextStylePolicy = $1
		$1.inheritsSet = null
		$1.scope = text/x-csharp
		$0.CSharpFormattingPolicy = $2
		$2.inheritsSet = Mono
		$2.inheritsScope = text/x-csharp
		$2.scope = text/x-csharp
		$0.TextStylePolicy = $3
		$3.FileWidth = 120
		$3.TabWidth = 4
		$3.EolMarker = Unix
		$3.inheritsSet = Mono
		$3.inheritsScope = text/plain
		$3.scope = text/plain
	EndGlobalSection

EndGlobal
