Microsoft Visual Studio Solution File, Format Version 11.00
# Visual Studio 2008

Project("{22755D4A-08E6-3C8F-9B76-210C6AAED2FC}") = "WaterMusic", "Assembly-CSharp-firstpass-vs.csproj", "{B4F7E5B3-C4A1-CAC9-8F89-CCEB8B299345}"
EndProject
Project("{22755D4A-08E6-3C8F-9B76-210C6AAED2FC}") = "WaterMusic", "Assembly-CSharp-vs.csproj", "{0305E7E6-BD40-7D3B-2A45-DF627DA79371}"
EndProject
Project("{22755D4A-08E6-3C8F-9B76-210C6AAED2FC}") = "WaterMusic", "Assembly-CSharp-Editor-vs.csproj", "{2A6EF46F-29E3-EA6F-7A31-451E9D64CA19}"
EndProject
Global
	GlobalSection(SolutionConfigurationPlatforms) = preSolution
		Debug|Any CPU = Debug|Any CPU
		Release|Any CPU = Release|Any CPU
	EndGlobalSection
	GlobalSection(ProjectConfigurationPlatforms) = postSolution
		{B4F7E5B3-C4A1-CAC9-8F89-CCEB8B299345}.Debug|Any CPU.ActiveCfg = Debug|Any CPU
		{B4F7E5B3-C4A1-CAC9-8F89-CCEB8B299345}.Debug|Any CPU.Build.0 = Debug|Any CPU
		{B4F7E5B3-C4A1-CAC9-8F89-CCEB8B299345}.Release|Any CPU.ActiveCfg = Release|Any CPU
		{B4F7E5B3-C4A1-CAC9-8F89-CCEB8B299345}.Release|Any CPU.Build.0 = Release|Any CPU
		{0305E7E6-BD40-7D3B-2A45-DF627DA79371}.Debug|Any CPU.ActiveCfg = Debug|Any CPU
		{0305E7E6-BD40-7D3B-2A45-DF627DA79371}.Debug|Any CPU.Build.0 = Debug|Any CPU
		{0305E7E6-BD40-7D3B-2A45-DF627DA79371}.Release|Any CPU.ActiveCfg = Release|Any CPU
		{0305E7E6-BD40-7D3B-2A45-DF627DA79371}.Release|Any CPU.Build.0 = Release|Any CPU
		{2A6EF46F-29E3-EA6F-7A31-451E9D64CA19}.Debug|Any CPU.ActiveCfg = Debug|Any CPU
		{2A6EF46F-29E3-EA6F-7A31-451E9D64CA19}.Debug|Any CPU.Build.0 = Debug|Any CPU
		{2A6EF46F-29E3-EA6F-7A31-451E9D64CA19}.Release|Any CPU.ActiveCfg = Release|Any CPU
		{2A6EF46F-29E3-EA6F-7A31-451E9D64CA19}.Release|Any CPU.Build.0 = Release|Any CPU
	EndGlobalSection
	GlobalSection(SolutionProperties) = preSolution
		HideSolutionNode = FALSE
	EndGlobalSection
																																														GlobalSection(MonoDevelopProperties) = preSolution
		StartupItem = Assembly-CSharp.csproj
		Policies = $0
		$0.TextStylePolicy = $1
		$1.inheritsSet = null
		$1.scope = text/x-csharp
		$0.CSharpFormattingPolicy = $2
		$2.inheritsSet = Mono
		$2.inheritsScope = text/x-csharp
		$2.scope = text/x-csharp
		$0.TextStylePolicy = $3
		$3.FileWidth = 120
		$3.TabWidth = 4
		$3.EolMarker = Unix
		$3.inheritsSet = Mono
		$3.inheritsScope = text/plain
		$3.scope = text/plain
	EndGlobalSection

EndGlobal
